<?xml version="1.0" encoding="UTF-8"?>
<Scheme LastUpgradeVersion="2620" version="1.7">
  <BuildAction parallelizeBuildables="YES" buildImplicitDependencies="YES">
    <BuildActionEntries><BuildActionEntry buildForTesting="YES" buildForRunning="YES" buildForProfiling="NO" buildForArchiving="NO" buildForAnalyzing="YES">
      <BuildableReference BuildableIdentifier="primary" BlueprintIdentifier="CE7BB27F2EAD5DE400E8B9F9" BuildableName="Stack to Six.app" BlueprintName="Stack to Six" ReferencedContainer="container:Stack to Six.xcodeproj"/>
    </BuildActionEntry></BuildActionEntries>
  </BuildAction>
  <TestAction buildConfiguration="Debug" selectedDebuggerIdentifier="Xcode.DebuggerFoundation.Debugger.LLDB" selectedLauncherIdentifier="Xcode.DebuggerFoundation.Launcher.LLDB" shouldUseLaunchSchemeArgsEnv="YES">
    <Testables><TestableReference skipped="NO">
      <BuildableReference BuildableIdentifier="primary" BlueprintIdentifier="CE7BB2A22EAD5DE600E8B9F9" BuildableName="Stack to SixUITests.xctest" BlueprintName="Stack to SixUITests" ReferencedContainer="container:Stack to Six.xcodeproj"/>
    </TestableReference></Testables>
  </TestAction>
</Scheme>
