// !$*UTF8*$!
{
	archiveVersion = 1;
	classes = {
	};
	objectVersion = 77;
	objects = {

/* Begin PBXContainerItemProxy section */
		CE7BB29A2EAD5DE600E8B9F9 /* PBXContainerItemProxy */ = {
			isa = PBXContainerItemProxy;
			containerPortal = CE7BB2782EAD5DE400E8B9F9 /* Project object */;
			proxyType = 1;
			remoteGlobalIDString = CE7BB27F2EAD5DE400E8B9F9;
			remoteInfo = "Stack to Six";
		};
		CE7BB2A42EAD5DE600E8B9F9 /* PBXContainerItemProxy */ = {
			isa = PBXContainerItemProxy;
			containerPortal = CE7BB2782EAD5DE400E8B9F9 /* Project object */;
			proxyType = 1;
			remoteGlobalIDString = CE7BB27F2EAD5DE400E8B9F9;
			remoteInfo = "Stack to Six";
		};
/* End PBXContainerItemProxy section */

/* Begin PBXBuildFile section */
        AA202610070000000000000B /* StackToSixNativeState in Frameworks */ = {isa = PBXBuildFile; productRef = AA202610070000000000000A /* StackToSixNativeState */; };
        AA2026100700000000000008 /* StackToSixGameplay in Frameworks */ = {isa = PBXBuildFile; productRef = AA2026100700000000000007 /* StackToSixGameplay */; };
/* End PBXBuildFile section */

/* Begin PBXFileReference section */
		CE064B182F1034CF0010A205 /* Stack to Six.xctestplan */ = {isa = PBXFileReference; lastKnownFileType = text; path = "Stack to Six.xctestplan"; sourceTree = "<group>"; };
		CE7BB2802EAD5DE400E8B9F9 /* Stack to Six.app */ = {isa = PBXFileReference; explicitFileType = wrapper.application; includeInIndex = 0; path = "Stack to Six.app"; sourceTree = BUILT_PRODUCTS_DIR; };
		CE7BB2992EAD5DE600E8B9F9 /* Stack to SixTests.xctest */ = {isa = PBXFileReference; explicitFileType = wrapper.cfbundle; includeInIndex = 0; path = "Stack to SixTests.xctest"; sourceTree = BUILT_PRODUCTS_DIR; };
		CE7BB2A32EAD5DE600E8B9F9 /* Stack to SixUITests.xctest */ = {isa = PBXFileReference; explicitFileType = wrapper.cfbundle; includeInIndex = 0; path = "Stack to SixUITests.xctest"; sourceTree = BUILT_PRODUCTS_DIR; };
/* End PBXFileReference section */

/* Begin PBXFileSystemSynchronizedBuildFileExceptionSet section */
        AA2026100800000000000002 = {
            isa = PBXFileSystemSynchronizedBuildFileExceptionSet;
            membershipExceptions = ("export-frame-budget-oracle.mjs",);
            target = CE7BB2982EAD5DE600E8B9F9;
        };
        AA2026100800000000000003 = {
            isa = PBXFileSystemSynchronizedBuildFileExceptionSet;
            membershipExceptions = ("export-fish-idle-oracle.cjs",);
            target = CE7BB27F2EAD5DE400E8B9F9;
        };
        AA2026100700000000000023 = {
            isa = PBXFileSystemSynchronizedBuildFileExceptionSet;
            membershipExceptions = ("export-bottom-decor-oracle.mjs", "regenerate-bottom-decor-oracle.mjs",);
            target = CE7BB2982EAD5DE600E8B9F9;
        };
        AA2026100700000000000020 = {
            isa = PBXFileSystemSynchronizedBuildFileExceptionSet;
            membershipExceptions = (
                "export-patterns.mjs",
                "export-oracle.mjs",
                "export-hero.mjs",
                "regenerate-oracle.mjs",
            );
            target = CE7BB2982EAD5DE600E8B9F9;
        };
/* End PBXFileSystemSynchronizedBuildFileExceptionSet section */

/* Begin PBXFileSystemSynchronizedRootGroup section */
        AA2026100800000000000001 = {isa = PBXFileSystemSynchronizedRootGroup; exceptions = (AA2026100800000000000002,); path = "../gameplay-frame-budget-tests"; sourceTree = "<group>"; };
        AA2026100700000000000021 = {isa = PBXFileSystemSynchronizedRootGroup; path = "../gameplay-bottom-decor"; sourceTree = "<group>"; };
        AA2026100700000000000022 = {isa = PBXFileSystemSynchronizedRootGroup; exceptions = (AA2026100700000000000023,); path = "../gameplay-bottom-decor-tests"; sourceTree = "<group>"; };
        AA202610070000000000001E = {isa = PBXFileSystemSynchronizedRootGroup; path = "../gameplay-ordinary-six"; sourceTree = "<group>"; };
        AA202610070000000000001F = {isa = PBXFileSystemSynchronizedRootGroup; exceptions = (AA2026100700000000000020,); path = "../gameplay-ordinary-six-tests"; sourceTree = "<group>"; };
        AA202610070000000000001C = {isa = PBXFileSystemSynchronizedRootGroup; path = "../gameplay-results"; sourceTree = "<group>"; };
        AA202610070000000000001D = {isa = PBXFileSystemSynchronizedRootGroup; path = "../gameplay-result-tests"; sourceTree = "<group>"; };
        AA202610070000000000001A = {isa = PBXFileSystemSynchronizedRootGroup; path = "../gameplay-transitions"; sourceTree = "<group>"; };
        AA202610070000000000001B = {isa = PBXFileSystemSynchronizedRootGroup; path = "../gameplay-transition-tests"; sourceTree = "<group>"; };
        AA2026100700000000000018 = {isa = PBXFileSystemSynchronizedRootGroup; path = "../gameplay-tnt-variants"; sourceTree = "<group>"; };
        AA2026100700000000000019 = {isa = PBXFileSystemSynchronizedRootGroup; path = "../gameplay-tnt-variant-tests"; sourceTree = "<group>"; };
        AA2026100700000000000016 = {isa = PBXFileSystemSynchronizedRootGroup; path = "../gameplay-area55"; sourceTree = "<group>"; };
        AA2026100700000000000017 = {isa = PBXFileSystemSynchronizedRootGroup; path = "../gameplay-area55-tests"; sourceTree = "<group>"; };
        AA2026100700000000000014 = {isa = PBXFileSystemSynchronizedRootGroup; path = "../gameplay-tutorial-complete"; sourceTree = "<group>"; };
        AA2026100700000000000015 = {isa = PBXFileSystemSynchronizedRootGroup; path = "../gameplay-tutorial-complete-tests"; sourceTree = "<group>"; };
        AA2026100700000000000012 = {isa = PBXFileSystemSynchronizedRootGroup; path = "../gameplay-unlock"; sourceTree = "<group>"; };
        AA2026100700000000000013 = {isa = PBXFileSystemSynchronizedRootGroup; path = "../gameplay-unlock-tests"; sourceTree = "<group>"; };
        AA2026100700000000000010 = {isa = PBXFileSystemSynchronizedRootGroup; path = "../gameplay-collection"; sourceTree = "<group>"; };
        AA2026100700000000000011 = {isa = PBXFileSystemSynchronizedRootGroup; path = "../gameplay-collection-tests"; sourceTree = "<group>"; };
        AA202610070000000000000E = {isa = PBXFileSystemSynchronizedRootGroup; path = "../gameplay-reward"; sourceTree = "<group>"; };
        AA202610070000000000000F = {isa = PBXFileSystemSynchronizedRootGroup; path = "../gameplay-reward-tests"; sourceTree = "<group>"; };
        AA202610070000000000000C = {isa = PBXFileSystemSynchronizedRootGroup; path = "../gameplay-ambient"; sourceTree = "<group>"; };
        AA202610070000000000000D = {isa = PBXFileSystemSynchronizedRootGroup; path = "../gameplay-ambient-tests"; sourceTree = "<group>"; };
        AA2026100700000000000001 = {isa = PBXFileSystemSynchronizedRootGroup; path = "../gameplay-app"; sourceTree = "<group>"; };
        AA2026100700000000000002 = {isa = PBXFileSystemSynchronizedRootGroup; exceptions = (AA2026100800000000000003,); path = "../gameplay-ui"; sourceTree = "<group>"; };
		AA2026000000000000000001 = {isa = PBXFileSystemSynchronizedRootGroup; path = "../jimi-2026"; sourceTree = "<group>"; };
		CE7BB2822EAD5DE400E8B9F9 /* Stack to Six */ = {
			isa = PBXFileSystemSynchronizedRootGroup;
			path = "Stack to Six";
			sourceTree = "<group>";
		};
		CE7BB29C2EAD5DE600E8B9F9 /* Stack to SixTests */ = {
			isa = PBXFileSystemSynchronizedRootGroup;
			path = "Stack to SixTests";
			sourceTree = "<group>";
		};
		CE7BB2A62EAD5DE600E8B9F9 /* Stack to SixUITests */ = {
			isa = PBXFileSystemSynchronizedRootGroup;
			path = "Stack to SixUITests";
			sourceTree = "<group>";
		};
/* End PBXFileSystemSynchronizedRootGroup section */

/* Begin PBXFrameworksBuildPhase section */
		CE7BB27D2EAD5DE400E8B9F9 /* Frameworks */ = {
			isa = PBXFrameworksBuildPhase;
			buildActionMask = 2147483647;
			files = (
                AA2026100700000000000008 /* StackToSixGameplay in Frameworks */,
                AA202610070000000000000B /* StackToSixNativeState in Frameworks */,
			);
			runOnlyForDeploymentPostprocessing = 0;
		};
		CE7BB2962EAD5DE600E8B9F9 /* Frameworks */ = {
			isa = PBXFrameworksBuildPhase;
			buildActionMask = 2147483647;
			files = (
			);
			runOnlyForDeploymentPostprocessing = 0;
		};
		CE7BB2A02EAD5DE600E8B9F9 /* Frameworks */ = {
			isa = PBXFrameworksBuildPhase;
			buildActionMask = 2147483647;
			files = (
			);
			runOnlyForDeploymentPostprocessing = 0;
		};
/* End PBXFrameworksBuildPhase section */

/* Begin PBXGroup section */
		CE7BB2772EAD5DE400E8B9F9 = {
			isa = PBXGroup;
			children = (
				AA2026000000000000000001,
                AA2026100700000000000001,
                AA2026100700000000000002,
                AA202610070000000000000C,
                AA202610070000000000000E,
                AA2026100700000000000010,
                AA2026100700000000000012,
                AA2026100700000000000014,
                AA2026100700000000000016,
                AA2026100700000000000018,
                AA202610070000000000001A,
                AA202610070000000000001C,
                AA202610070000000000001E,
                AA2026100700000000000021,
				CE7BB2822EAD5DE400E8B9F9 /* Stack to Six */,
				CE7BB29C2EAD5DE600E8B9F9 /* Stack to SixTests */,
                AA202610070000000000000D,
                AA202610070000000000000F,
                AA2026100700000000000011,
                AA2026100700000000000013,
                AA2026100700000000000015,
                AA2026100700000000000017,
                AA2026100700000000000019,
                AA202610070000000000001B,
                AA202610070000000000001D,
                AA202610070000000000001F,
                AA2026100700000000000022,
                AA2026100800000000000001,
				CE7BB2A62EAD5DE600E8B9F9 /* Stack to SixUITests */,
				CE7BB2812EAD5DE400E8B9F9 /* Products */,
			);
			sourceTree = "<group>";
		};
		CE7BB2812EAD5DE400E8B9F9 /* Products */ = {
			isa = PBXGroup;
			children = (
				CE7BB2802EAD5DE400E8B9F9 /* Stack to Six.app */,
				CE7BB2992EAD5DE600E8B9F9 /* Stack to SixTests.xctest */,
				CE7BB2A32EAD5DE600E8B9F9 /* Stack to SixUITests.xctest */,
			);
			name = Products;
			sourceTree = "<group>";
		};
/* End PBXGroup section */

/* Begin PBXNativeTarget section */
		CE7BB27F2EAD5DE400E8B9F9 /* Stack to Six */ = {
			isa = PBXNativeTarget;
			buildConfigurationList = CE7BB2AD2EAD5DE600E8B9F9 /* Build configuration list for PBXNativeTarget "Stack to Six" */;
			buildPhases = (
				CE7BB27C2EAD5DE400E8B9F9 /* Sources */,
				CE7BB27D2EAD5DE400E8B9F9 /* Frameworks */,
				CE7BB27E2EAD5DE400E8B9F9 /* Resources */,
			);
			buildRules = (
			);
			dependencies = (
			);
			fileSystemSynchronizedGroups = (
				CE7BB2822EAD5DE400E8B9F9 /* Stack to Six */,
				AA2026000000000000000001,
                AA2026100700000000000001,
                AA2026100700000000000002,
                AA202610070000000000000C,
                AA202610070000000000000E,
                AA2026100700000000000010,
                AA2026100700000000000012,
                AA2026100700000000000014,
                AA2026100700000000000016,
                AA2026100700000000000018,
                AA202610070000000000001A,
                AA202610070000000000001C,
                AA202610070000000000001E,
                AA2026100700000000000021,
			);
			name = "Stack to Six";
			packageProductDependencies = (
                AA2026100700000000000007 /* StackToSixGameplay */,
                AA202610070000000000000A /* StackToSixNativeState */,
			);
			productName = "Stack to Six";
			productReference = CE7BB2802EAD5DE400E8B9F9 /* Stack to Six.app */;
			productType = "com.apple.product-type.application";
		};
		CE7BB2982EAD5DE600E8B9F9 /* Stack to SixTests */ = {
			isa = PBXNativeTarget;
			buildConfigurationList = CE7BB2B02EAD5DE600E8B9F9 /* Build configuration list for PBXNativeTarget "Stack to SixTests" */;
			buildPhases = (
				CE7BB2952EAD5DE600E8B9F9 /* Sources */,
				CE7BB2962EAD5DE600E8B9F9 /* Frameworks */,
				CE7BB2972EAD5DE600E8B9F9 /* Resources */,
			);
			buildRules = (
			);
			dependencies = (
				CE7BB29B2EAD5DE600E8B9F9 /* PBXTargetDependency */,
			);
			fileSystemSynchronizedGroups = (
				CE7BB29C2EAD5DE600E8B9F9 /* Stack to SixTests */,
                AA202610070000000000000D,
                AA202610070000000000000F,
                AA2026100700000000000011,
                AA2026100700000000000013,
                AA2026100700000000000015,
                AA2026100700000000000017,
                AA2026100700000000000019,
                AA202610070000000000001B,
                AA202610070000000000001D,
                AA202610070000000000001F,
                AA2026100700000000000022,
                AA2026100800000000000001,
			);
			name = "Stack to SixTests";
			packageProductDependencies = (
			);
			productName = "Stack to SixTests";
			productReference = CE7BB2992EAD5DE600E8B9F9 /* Stack to SixTests.xctest */;
			productType = "com.apple.product-type.bundle.unit-test";
		};
		CE7BB2A22EAD5DE600E8B9F9 /* Stack to SixUITests */ = {
			isa = PBXNativeTarget;
			buildConfigurationList = CE7BB2B32EAD5DE600E8B9F9 /* Build configuration list for PBXNativeTarget "Stack to SixUITests" */;
			buildPhases = (
				CE7BB29F2EAD5DE600E8B9F9 /* Sources */,
				CE7BB2A02EAD5DE600E8B9F9 /* Frameworks */,
				CE7BB2A12EAD5DE600E8B9F9 /* Resources */,
			);
			buildRules = (
			);
			dependencies = (
				CE7BB2A52EAD5DE600E8B9F9 /* PBXTargetDependency */,
			);
			fileSystemSynchronizedGroups = (
				CE7BB2A62EAD5DE600E8B9F9 /* Stack to SixUITests */,
			);
			name = "Stack to SixUITests";
			packageProductDependencies = (
			);
			productName = "Stack to SixUITests";
			productReference = CE7BB2A32EAD5DE600E8B9F9 /* Stack to SixUITests.xctest */;
			productType = "com.apple.product-type.bundle.ui-testing";
		};
/* End PBXNativeTarget section */

/* Begin PBXProject section */
		CE7BB2782EAD5DE400E8B9F9 /* Project object */ = {
			isa = PBXProject;
			attributes = {
				BuildIndependentTargetsInParallel = 1;
				LastSwiftUpdateCheck = 2600;
				LastUpgradeCheck = 2600;
				TargetAttributes = {
					CE7BB27F2EAD5DE400E8B9F9 = {
						CreatedOnToolsVersion = 26.0.1;
					};
					CE7BB2982EAD5DE600E8B9F9 = {
						CreatedOnToolsVersion = 26.0.1;
						TestTargetID = CE7BB27F2EAD5DE400E8B9F9;
					};
					CE7BB2A22EAD5DE600E8B9F9 = {
						CreatedOnToolsVersion = 26.0.1;
						TestTargetID = CE7BB27F2EAD5DE400E8B9F9;
					};
				};
			};
			buildConfigurationList = CE7BB27B2EAD5DE400E8B9F9 /* Build configuration list for PBXProject "Stack to Six" */;
			developmentRegion = en;
			hasScannedForEncodings = 0;
			knownRegions = (
				en,
				Base,
			);
			mainGroup = CE7BB2772EAD5DE400E8B9F9;
			minimizedProjectReferenceProxies = 1;
			preferredProjectObjectVersion = 77;
			productRefGroup = CE7BB2812EAD5DE400E8B9F9 /* Products */;
			packageReferences = (AA2026100700000000000006 /* gameplay-core */, AA2026100700000000000009 /* gameplay-state */,);
			projectDirPath = "";
			projectRoot = "";
			targets = (
				CE7BB27F2EAD5DE400E8B9F9 /* Stack to Six */,
				CE7BB2982EAD5DE600E8B9F9 /* Stack to SixTests */,
				CE7BB2A22EAD5DE600E8B9F9 /* Stack to SixUITests */,
			);
		};
/* End PBXProject section */

/* Begin PBXResourcesBuildPhase section */
		CE7BB27E2EAD5DE400E8B9F9 /* Resources */ = {
			isa = PBXResourcesBuildPhase;
			buildActionMask = 2147483647;
			files = (
			);
			runOnlyForDeploymentPostprocessing = 0;
		};
		CE7BB2972EAD5DE600E8B9F9 /* Resources */ = {
			isa = PBXResourcesBuildPhase;
			buildActionMask = 2147483647;
			files = (
			);
			runOnlyForDeploymentPostprocessing = 0;
		};
		CE7BB2A12EAD5DE600E8B9F9 /* Resources */ = {
			isa = PBXResourcesBuildPhase;
			buildActionMask = 2147483647;
			files = (
			);
			runOnlyForDeploymentPostprocessing = 0;
		};
/* End PBXResourcesBuildPhase section */

/* Begin PBXSourcesBuildPhase section */
		CE7BB27C2EAD5DE400E8B9F9 /* Sources */ = {
			isa = PBXSourcesBuildPhase;
			buildActionMask = 2147483647;
			files = (
			);
			runOnlyForDeploymentPostprocessing = 0;
		};
		CE7BB2952EAD5DE600E8B9F9 /* Sources */ = {
			isa = PBXSourcesBuildPhase;
			buildActionMask = 2147483647;
			files = (
			);
			runOnlyForDeploymentPostprocessing = 0;
		};
		CE7BB29F2EAD5DE600E8B9F9 /* Sources */ = {
			isa = PBXSourcesBuildPhase;
			buildActionMask = 2147483647;
			files = (
			);
			runOnlyForDeploymentPostprocessing = 0;
		};
/* End PBXSourcesBuildPhase section */

/* Begin PBXTargetDependency section */
		CE7BB29B2EAD5DE600E8B9F9 /* PBXTargetDependency */ = {
			isa = PBXTargetDependency;
			target = CE7BB27F2EAD5DE400E8B9F9 /* Stack to Six */;
			targetProxy = CE7BB29A2EAD5DE600E8B9F9 /* PBXContainerItemProxy */;
		};
		CE7BB2A52EAD5DE600E8B9F9 /* PBXTargetDependency */ = {
			isa = PBXTargetDependency;
			target = CE7BB27F2EAD5DE400E8B9F9 /* Stack to Six */;
			targetProxy = CE7BB2A42EAD5DE600E8B9F9 /* PBXContainerItemProxy */;
		};
/* End PBXTargetDependency section */

/* Begin XCLocalSwiftPackageReference section */
        AA2026100700000000000009 /* gameplay-state */ = {isa = XCLocalSwiftPackageReference; relativePath = "../gameplay-state"; };
        AA2026100700000000000006 /* gameplay-core */ = {isa = XCLocalSwiftPackageReference; relativePath = "../gameplay-core"; };
/* End XCLocalSwiftPackageReference section */

/* Begin XCSwiftPackageProductDependency section */
        AA202610070000000000000A /* StackToSixNativeState */ = {isa = XCSwiftPackageProductDependency; package = AA2026100700000000000009; productName = StackToSixNativeState; };
        AA2026100700000000000007 /* StackToSixGameplay */ = {isa = XCSwiftPackageProductDependency; package = AA2026100700000000000006; productName = StackToSixGameplay; };
/* End XCSwiftPackageProductDependency section */

/* Begin XCBuildConfiguration section */
		CE7BB2AB2EAD5DE600E8B9F9 /* Debug */ = {
			isa = XCBuildConfiguration;
			buildSettings = {
				ALWAYS_SEARCH_USER_PATHS = NO;
				ASSETCATALOG_COMPILER_GENERATE_SWIFT_ASSET_SYMBOL_EXTENSIONS = YES;
				CLANG_ANALYZER_NONNULL = YES;
				CLANG_ANALYZER_NUMBER_OBJECT_CONVERSION = YES_AGGRESSIVE;
				CLANG_CXX_LANGUAGE_STANDARD = "gnu++20";
				CLANG_ENABLE_MODULES = YES;
				CLANG_ENABLE_OBJC_ARC = YES;
				CLANG_ENABLE_OBJC_WEAK = YES;
				CLANG_WARN_BLOCK_CAPTURE_AUTORELEASING = YES;
				CLANG_WARN_BOOL_CONVERSION = YES;
				CLANG_WARN_COMMA = YES;
				CLANG_WARN_CONSTANT_CONVERSION = YES;
				CLANG_WARN_DEPRECATED_OBJC_IMPLEMENTATIONS = YES;
				CLANG_WARN_DIRECT_OBJC_ISA_USAGE = YES_ERROR;
				CLANG_WARN_DOCUMENTATION_COMMENTS = YES;
				CLANG_WARN_EMPTY_BODY = YES;
				CLANG_WARN_ENUM_CONVERSION = YES;
				CLANG_WARN_INFINITE_RECURSION = YES;
				CLANG_WARN_INT_CONVERSION = YES;
				CLANG_WARN_NON_LITERAL_NULL_CONVERSION = YES;
				CLANG_WARN_OBJC_IMPLICIT_RETAIN_SELF = YES;
				CLANG_WARN_OBJC_LITERAL_CONVERSION = YES;
				CLANG_WARN_OBJC_ROOT_CLASS = YES_ERROR;
				CLANG_WARN_QUOTED_INCLUDE_IN_FRAMEWORK_HEADER = YES;
				CLANG_WARN_RANGE_LOOP_ANALYSIS = YES;
				CLANG_WARN_STRICT_PROTOTYPES = YES;
				CLANG_WARN_SUSPICIOUS_MOVE = YES;
				CLANG_WARN_UNGUARDED_AVAILABILITY = YES_AGGRESSIVE;
				CLANG_WARN_UNREACHABLE_CODE = YES;
				CLANG_WARN__DUPLICATE_METHOD_MATCH = YES;
				COPY_PHASE_STRIP = NO;
				DEBUG_INFORMATION_FORMAT = dwarf;
				DEVELOPMENT_TEAM = L3H6B843AL;
				ENABLE_STRICT_OBJC_MSGSEND = YES;
				ENABLE_TESTABILITY = YES;
				ENABLE_USER_SCRIPT_SANDBOXING = YES;
				GCC_C_LANGUAGE_STANDARD = gnu17;
				GCC_DYNAMIC_NO_PIC = NO;
				GCC_NO_COMMON_BLOCKS = YES;
				GCC_OPTIMIZATION_LEVEL = 0;
				GCC_PREPROCESSOR_DEFINITIONS = (
					"DEBUG=1",
					"$(inherited)",
				);
				GCC_WARN_64_TO_32_BIT_CONVERSION = YES;
				GCC_WARN_ABOUT_RETURN_TYPE = YES_ERROR;
				GCC_WARN_UNDECLARED_SELECTOR = YES;
				GCC_WARN_UNINITIALIZED_AUTOS = YES_AGGRESSIVE;
				GCC_WARN_UNUSED_FUNCTION = YES;
				GCC_WARN_UNUSED_VARIABLE = YES;
				IPHONEOS_DEPLOYMENT_TARGET = 17.0;
				LOCALIZATION_PREFERS_STRING_CATALOGS = YES;
				MTL_ENABLE_DEBUG_INFO = INCLUDE_SOURCE;
				MTL_FAST_MATH = YES;
				ONLY_ACTIVE_ARCH = YES;
				SDKROOT = iphoneos;
				SWIFT_ACTIVE_COMPILATION_CONDITIONS = "DEBUG $(inherited)";
				SWIFT_OPTIMIZATION_LEVEL = "-Onone";
			};
			name = Debug;
		};
		CE7BB2AC2EAD5DE600E8B9F9 /* Release */ = {
			isa = XCBuildConfiguration;
			buildSettings = {
				ALWAYS_SEARCH_USER_PATHS = NO;
				ASSETCATALOG_COMPILER_GENERATE_SWIFT_ASSET_SYMBOL_EXTENSIONS = YES;
				CLANG_ANALYZER_NONNULL = YES;
				CLANG_ANALYZER_NUMBER_OBJECT_CONVERSION = YES_AGGRESSIVE;
				CLANG_CXX_LANGUAGE_STANDARD = "gnu++20";
				CLANG_ENABLE_MODULES = YES;
				CLANG_ENABLE_OBJC_ARC = YES;
				CLANG_ENABLE_OBJC_WEAK = YES;
				CLANG_WARN_BLOCK_CAPTURE_AUTORELEASING = YES;
				CLANG_WARN_BOOL_CONVERSION = YES;
				CLANG_WARN_COMMA = YES;
				CLANG_WARN_CONSTANT_CONVERSION = YES;
				CLANG_WARN_DEPRECATED_OBJC_IMPLEMENTATIONS = YES;
				CLANG_WARN_DIRECT_OBJC_ISA_USAGE = YES_ERROR;
				CLANG_WARN_DOCUMENTATION_COMMENTS = YES;
				CLANG_WARN_EMPTY_BODY = YES;
				CLANG_WARN_ENUM_CONVERSION = YES;
				CLANG_WARN_INFINITE_RECURSION = YES;
				CLANG_WARN_INT_CONVERSION = YES;
				CLANG_WARN_NON_LITERAL_NULL_CONVERSION = YES;
				CLANG_WARN_OBJC_IMPLICIT_RETAIN_SELF = YES;
				CLANG_WARN_OBJC_LITERAL_CONVERSION = YES;
				CLANG_WARN_OBJC_ROOT_CLASS = YES_ERROR;
				CLANG_WARN_QUOTED_INCLUDE_IN_FRAMEWORK_HEADER = YES;
				CLANG_WARN_RANGE_LOOP_ANALYSIS = YES;
				CLANG_WARN_STRICT_PROTOTYPES = YES;
				CLANG_WARN_SUSPICIOUS_MOVE = YES;
				CLANG_WARN_UNGUARDED_AVAILABILITY = YES_AGGRESSIVE;
				CLANG_WARN_UNREACHABLE_CODE = YES;
				CLANG_WARN__DUPLICATE_METHOD_MATCH = YES;
				COPY_PHASE_STRIP = NO;
				DEBUG_INFORMATION_FORMAT = "dwarf-with-dsym";
				DEVELOPMENT_TEAM = L3H6B843AL;
				ENABLE_NS_ASSERTIONS = NO;
				ENABLE_STRICT_OBJC_MSGSEND = YES;
				ENABLE_USER_SCRIPT_SANDBOXING = YES;
				GCC_C_LANGUAGE_STANDARD = gnu17;
				GCC_NO_COMMON_BLOCKS = YES;
				GCC_WARN_64_TO_32_BIT_CONVERSION = YES;
				GCC_WARN_ABOUT_RETURN_TYPE = YES_ERROR;
				GCC_WARN_UNDECLARED_SELECTOR = YES;
				GCC_WARN_UNINITIALIZED_AUTOS = YES_AGGRESSIVE;
				GCC_WARN_UNUSED_FUNCTION = YES;
				GCC_WARN_UNUSED_VARIABLE = YES;
				IPHONEOS_DEPLOYMENT_TARGET = 17.0;
				LOCALIZATION_PREFERS_STRING_CATALOGS = YES;
				MTL_ENABLE_DEBUG_INFO = NO;
				MTL_FAST_MATH = YES;
				SDKROOT = iphoneos;
				SWIFT_COMPILATION_MODE = wholemodule;
				VALIDATE_PRODUCT = YES;
			};
			name = Release;
		};
		CE7BB2AE2EAD5DE600E8B9F9 /* Debug */ = {
			isa = XCBuildConfiguration;
			buildSettings = {
				ASSETCATALOG_COMPILER_APPICON_NAME = AppIcon;
				ASSETCATALOG_COMPILER_GLOBAL_ACCENT_COLOR_NAME = AccentColor;
				CODE_SIGN_STYLE = Automatic;
				CURRENT_PROJECT_VERSION = 1;
				DEVELOPMENT_TEAM = L3H6B843AL;
				GENERATE_INFOPLIST_FILE = NO;
				INFOPLIST_FILE = Info.plist;
				LD_RUNPATH_SEARCH_PATHS = (
					"$(inherited)",
					"@executable_path/Frameworks",
				);
				MARKETING_VERSION = 1.0;
				PRODUCT_BUNDLE_IDENTIFIER = "com.taptapdesign.stacktosix.native";
				PRODUCT_NAME = "$(TARGET_NAME)";
				STRING_CATALOG_GENERATE_SYMBOLS = YES;
				SWIFT_APPROACHABLE_CONCURRENCY = YES;
				SWIFT_DEFAULT_ACTOR_ISOLATION = MainActor;
				SWIFT_EMIT_LOC_STRINGS = YES;
				SWIFT_UPCOMING_FEATURE_MEMBER_IMPORT_VISIBILITY = YES;
				SWIFT_VERSION = 5.0;
				TARGETED_DEVICE_FAMILY = "1,2";
			};
			name = Debug;
		};
		CE7BB2AF2EAD5DE600E8B9F9 /* Release */ = {
			isa = XCBuildConfiguration;
			buildSettings = {
				ASSETCATALOG_COMPILER_APPICON_NAME = AppIcon;
				ASSETCATALOG_COMPILER_GLOBAL_ACCENT_COLOR_NAME = AccentColor;
				CODE_SIGN_STYLE = Automatic;
				CURRENT_PROJECT_VERSION = 1;
				DEVELOPMENT_TEAM = L3H6B843AL;
				GENERATE_INFOPLIST_FILE = NO;
				INFOPLIST_FILE = Info.plist;
				LD_RUNPATH_SEARCH_PATHS = (
					"$(inherited)",
					"@executable_path/Frameworks",
				);
				MARKETING_VERSION = 1.0;
				PRODUCT_BUNDLE_IDENTIFIER = "com.taptapdesign.stacktosix.native";
				PRODUCT_NAME = "$(TARGET_NAME)";
				STRING_CATALOG_GENERATE_SYMBOLS = YES;
				SWIFT_APPROACHABLE_CONCURRENCY = YES;
				SWIFT_DEFAULT_ACTOR_ISOLATION = MainActor;
				SWIFT_EMIT_LOC_STRINGS = YES;
				SWIFT_UPCOMING_FEATURE_MEMBER_IMPORT_VISIBILITY = YES;
				SWIFT_VERSION = 5.0;
				TARGETED_DEVICE_FAMILY = "1,2";
			};
			name = Release;
		};
		CE7BB2B12EAD5DE600E8B9F9 /* Debug */ = {
			isa = XCBuildConfiguration;
			buildSettings = {
				BUNDLE_LOADER = "$(TEST_HOST)";
				CODE_SIGN_STYLE = Automatic;
				CURRENT_PROJECT_VERSION = 1;
				DEVELOPMENT_TEAM = L3H6B843AL;
				GENERATE_INFOPLIST_FILE = YES;
				IPHONEOS_DEPLOYMENT_TARGET = 17.0;
				MARKETING_VERSION = 1.0;
				PRODUCT_BUNDLE_IDENTIFIER = "com.taptapdesign.stacktosix.nativeTests";
				PRODUCT_NAME = "$(TARGET_NAME)";
				STRING_CATALOG_GENERATE_SYMBOLS = NO;
				SWIFT_APPROACHABLE_CONCURRENCY = YES;
				SWIFT_EMIT_LOC_STRINGS = NO;
				SWIFT_UPCOMING_FEATURE_MEMBER_IMPORT_VISIBILITY = YES;
				SWIFT_VERSION = 5.0;
				TARGETED_DEVICE_FAMILY = "1,2";
				TEST_HOST = "$(BUILT_PRODUCTS_DIR)/Stack to Six.app/$(BUNDLE_EXECUTABLE_FOLDER_PATH)/Stack to Six";
			};
			name = Debug;
		};
		CE7BB2B22EAD5DE600E8B9F9 /* Release */ = {
			isa = XCBuildConfiguration;
			buildSettings = {
				BUNDLE_LOADER = "$(TEST_HOST)";
				CODE_SIGN_STYLE = Automatic;
				CURRENT_PROJECT_VERSION = 1;
				DEVELOPMENT_TEAM = L3H6B843AL;
				GENERATE_INFOPLIST_FILE = YES;
				IPHONEOS_DEPLOYMENT_TARGET = 17.0;
				MARKETING_VERSION = 1.0;
				PRODUCT_BUNDLE_IDENTIFIER = "com.taptapdesign.stacktosix.nativeTests";
				PRODUCT_NAME = "$(TARGET_NAME)";
				STRING_CATALOG_GENERATE_SYMBOLS = NO;
				SWIFT_APPROACHABLE_CONCURRENCY = YES;
				SWIFT_EMIT_LOC_STRINGS = NO;
				SWIFT_UPCOMING_FEATURE_MEMBER_IMPORT_VISIBILITY = YES;
				SWIFT_VERSION = 5.0;
				TARGETED_DEVICE_FAMILY = "1,2";
				TEST_HOST = "$(BUILT_PRODUCTS_DIR)/Stack to Six.app/$(BUNDLE_EXECUTABLE_FOLDER_PATH)/Stack to Six";
			};
			name = Release;
		};
		CE7BB2B42EAD5DE600E8B9F9 /* Debug */ = {
			isa = XCBuildConfiguration;
			buildSettings = {
				CODE_SIGN_STYLE = Automatic;
				CURRENT_PROJECT_VERSION = 1;
				DEVELOPMENT_TEAM = L3H6B843AL;
				GENERATE_INFOPLIST_FILE = YES;
				MARKETING_VERSION = 1.0;
				PRODUCT_BUNDLE_IDENTIFIER = "com.taptapdesign.stacktosix.nativeUITests";
				PRODUCT_NAME = "$(TARGET_NAME)";
				STRING_CATALOG_GENERATE_SYMBOLS = NO;
				SWIFT_APPROACHABLE_CONCURRENCY = YES;
				SWIFT_EMIT_LOC_STRINGS = NO;
				SWIFT_UPCOMING_FEATURE_MEMBER_IMPORT_VISIBILITY = YES;
				SWIFT_VERSION = 5.0;
				TARGETED_DEVICE_FAMILY = "1,2";
				TEST_TARGET_NAME = "Stack to Six";
			};
			name = Debug;
		};
		CE7BB2B52EAD5DE600E8B9F9 /* Release */ = {
			isa = XCBuildConfiguration;
			buildSettings = {
				CODE_SIGN_STYLE = Automatic;
				CURRENT_PROJECT_VERSION = 1;
				DEVELOPMENT_TEAM = L3H6B843AL;
				GENERATE_INFOPLIST_FILE = YES;
				MARKETING_VERSION = 1.0;
				PRODUCT_BUNDLE_IDENTIFIER = "com.taptapdesign.stacktosix.nativeUITests";
				PRODUCT_NAME = "$(TARGET_NAME)";
				STRING_CATALOG_GENERATE_SYMBOLS = NO;
				SWIFT_APPROACHABLE_CONCURRENCY = YES;
				SWIFT_EMIT_LOC_STRINGS = NO;
				SWIFT_UPCOMING_FEATURE_MEMBER_IMPORT_VISIBILITY = YES;
				SWIFT_VERSION = 5.0;
				TARGETED_DEVICE_FAMILY = "1,2";
				TEST_TARGET_NAME = "Stack to Six";
			};
			name = Release;
		};
/* End XCBuildConfiguration section */

/* Begin XCConfigurationList section */
		CE7BB27B2EAD5DE400E8B9F9 /* Build configuration list for PBXProject "Stack to Six" */ = {
			isa = XCConfigurationList;
			buildConfigurations = (
				CE7BB2AB2EAD5DE600E8B9F9 /* Debug */,
				CE7BB2AC2EAD5DE600E8B9F9 /* Release */,
			);
			defaultConfigurationIsVisible = 0;
			defaultConfigurationName = Release;
		};
		CE7BB2AD2EAD5DE600E8B9F9 /* Build configuration list for PBXNativeTarget "Stack to Six" */ = {
			isa = XCConfigurationList;
			buildConfigurations = (
				CE7BB2AE2EAD5DE600E8B9F9 /* Debug */,
				CE7BB2AF2EAD5DE600E8B9F9 /* Release */,
			);
			defaultConfigurationIsVisible = 0;
			defaultConfigurationName = Release;
		};
		CE7BB2B02EAD5DE600E8B9F9 /* Build configuration list for PBXNativeTarget "Stack to SixTests" */ = {
			isa = XCConfigurationList;
			buildConfigurations = (
				CE7BB2B12EAD5DE600E8B9F9 /* Debug */,
				CE7BB2B22EAD5DE600E8B9F9 /* Release */,
			);
			defaultConfigurationIsVisible = 0;
			defaultConfigurationName = Release;
		};
		CE7BB2B32EAD5DE600E8B9F9 /* Build configuration list for PBXNativeTarget "Stack to SixUITests" */ = {
			isa = XCConfigurationList;
			buildConfigurations = (
				CE7BB2B42EAD5DE600E8B9F9 /* Debug */,
				CE7BB2B52EAD5DE600E8B9F9 /* Release */,
			);
			defaultConfigurationIsVisible = 0;
			defaultConfigurationName = Release;
		};
/* End XCConfigurationList section */
	};
	rootObject = CE7BB2782EAD5DE400E8B9F9 /* Project object */;
}
